// !$*UTF8*$!
{
	archiveVersion = 1;
	classes = {
	};
	objectVersion = 46;
	objects = {

/* Begin PBXBuildFile section */
		00041E491EF4785000ED6D89 /* AppDelegate.swift in Sources */ = {isa = PBXBuildFile; fileRef = 00041E481EF4785000ED6D89 /* AppDelegate.swift */; };
		00041E4E1EF4785000ED6D89 /* Main.storyboard in Resources */ = {isa = PBXBuildFile; fileRef = 00041E4C1EF4785000ED6D89 /* Main.storyboard */; };
		00041E501EF4785000ED6D89 /* Assets.xcassets in Resources */ = {isa = PBXBuildFile; fileRef = 00041E4F1EF4785000ED6D89 /* Assets.xcassets */; };
		00041E531EF4785000ED6D89 /* LaunchScreen.storyboard in Resources */ = {isa = PBXBuildFile; fileRef = 00041E511EF4785000ED6D89 /* LaunchScreen.storyboard */; };
		00041E5E1EF4785000ED6D89 /* FlyOnTimeUITests.swift in Sources */ = {isa = PBXBuildFile; fileRef = 00041E5D1EF4785000ED6D89 /* FlyOnTimeUITests.swift */; };
		0050CEF51EF47A100064C5B7 /* DashboardViewController.swift in Sources */ = {isa = PBXBuildFile; fileRef = 0050CEF41EF47A100064C5B7 /* DashboardViewController.swift */; };
		0050CEF71EF48EB20064C5B7 /* DashboardCell.swift in Sources */ = {isa = PBXBuildFile; fileRef = 0050CEF61EF48EB20064C5B7 /* DashboardCell.swift */; };
		9CBD7315A9648C1F17C02EEE /* Pods_FlyOnTime.framework in Frameworks */ = {isa = PBXBuildFile; fileRef = 5806AD12351DC9364F1E933A /* Pods_FlyOnTime.framework */; };
/* End PBXBuildFile section */

/* Begin PBXContainerItemProxy section */
		00041E5A1EF4785000ED6D89 /* PBXContainerItemProxy */ = {
			isa = PBXContainerItemProxy;
			containerPortal = 00041E3D1EF4785000ED6D89 /* Project object */;
			proxyType = 1;
			remoteGlobalIDString = 00041E441EF4785000ED6D89;
			remoteInfo = FlyOnTime;
		};
/* End PBXContainerItemProxy section */

/* Begin PBXFileReference section */
		00041E451EF4785000ED6D89 /* FlyOnTime.app */ = {isa = PBXFileReference; explicitFileType = wrapper.application; includeInIndex = 0; path = FlyOnTime.app; sourceTree = BUILT_PRODUCTS_DIR; };
		00041E481EF4785000ED6D89 /* AppDelegate.swift */ = {isa = PBXFileReference; lastKnownFileType = sourcecode.swift; path = AppDelegate.swift; sourceTree = "<group>"; };
		00041E4D1EF4785000ED6D89 /* Base */ = {isa = PBXFileReference; lastKnownFileType = file.storyboard; name = Base; path = Base.lproj/Main.storyboard; sourceTree = "<group>"; };
		00041E4F1EF4785000ED6D89 /* Assets.xcassets */ = {isa = PBXFileReference; lastKnownFileType = folder.assetcatalog; path = Assets.xcassets; sourceTree = "<group>"; };
		00041E521EF4785000ED6D89 /* Base */ = {isa = PBXFileReference; lastKnownFileType = file.storyboard; name = Base; path = Base.lproj/LaunchScreen.storyboard; sourceTree = "<group>"; };
		00041E541EF4785000ED6D89 /* Info.plist */ = {isa = PBXFileReference; lastKnownFileType = text.plist.xml; path = Info.plist; sourceTree = "<group>"; };
		00041E591EF4785000ED6D89 /* FlyOnTimeUITests.xctest */ = {isa = PBXFileReference; explicitFileType = wrapper.cfbundle; includeInIndex = 0; path = FlyOnTimeUITests.xctest; sourceTree = BUILT_PRODUCTS_DIR; };
		00041E5D1EF4785000ED6D89 /* FlyOnTimeUITests.swift */ = {isa = PBXFileReference; lastKnownFileType = sourcecode.swift; path = FlyOnTimeUITests.swift; sourceTree = "<group>"; };
		00041E5F1EF4785000ED6D89 /* Info.plist */ = {isa = PBXFileReference; lastKnownFileType = text.plist.xml; path = Info.plist; sourceTree = "<group>"; };
		0050CEF41EF47A100064C5B7 /* DashboardViewController.swift */ = {isa = PBXFileReference; fileEncoding = 4; lastKnownFileType = sourcecode.swift; name = DashboardViewController.swift; path = ../DashboardViewController.swift; sourceTree = "<group>"; };
		0050CEF61EF48EB20064C5B7 /* DashboardCell.swift */ = {isa = PBXFileReference; fileEncoding = 4; lastKnownFileType = sourcecode.swift; path = DashboardCell.swift; sourceTree = "<group>"; };
		5806AD12351DC9364F1E933A /* Pods_FlyOnTime.framework */ = {isa = PBXFileReference; explicitFileType = wrapper.framework; includeInIndex = 0; path = Pods_FlyOnTime.framework; sourceTree = BUILT_PRODUCTS_DIR; };
		A05531FDAB515B3D4DD8A586 /* Pods-FlyOnTime.release.xcconfig */ = {isa = PBXFileReference; includeInIndex = 1; lastKnownFileType = text.xcconfig; name = "Pods-FlyOnTime.release.xcconfig"; path = "Pods/Target Support Files/Pods-FlyOnTime/Pods-FlyOnTime.release.xcconfig"; sourceTree = "<group>"; };
		E16C7F2ED99029904744D039 /* Pods-FlyOnTime.debug.xcconfig */ = {isa = PBXFileReference; includeInIndex = 1; lastKnownFileType = text.xcconfig; name = "Pods-FlyOnTime.debug.xcconfig"; path = "Pods/Target Support Files/Pods-FlyOnTime/Pods-FlyOnTime.debug.xcconfig"; sourceTree = "<group>"; };
/* End PBXFileReference section */

/* Begin PBXFrameworksBuildPhase section */
		00041E421EF4785000ED6D89 /* Frameworks */ = {
			isa = PBXFrameworksBuildPhase;
			buildActionMask = 2147483647;
			files = (
				9CBD7315A9648C1F17C02EEE /* Pods_FlyOnTime.framework in Frameworks */,
			);
			runOnlyForDeploymentPostprocessing = 0;
		};
		00041E561EF4785000ED6D89 /* Frameworks */ = {
			isa = PBXFrameworksBuildPhase;
			buildActionMask = 2147483647;
			files = (
			);
			runOnlyForDeploymentPostprocessing = 0;
		};
/* End PBXFrameworksBuildPhase section */

/* Begin PBXGroup section */
		00041E3C1EF4785000ED6D89 = {
			isa = PBXGroup;
			children = (
				00041E471EF4785000ED6D89 /* FlyOnTime */,
				00041E5C1EF4785000ED6D89 /* FlyOnTimeUITests */,
				00041E461EF4785000ED6D89 /* Products */,
				4FFCF474DEB50261B1F51750 /* Pods */,
				679F44F97434D5F69C0B516A /* Frameworks */,
			);
			sourceTree = "<group>";
		};
		00041E461EF4785000ED6D89 /* Products */ = {
			isa = PBXGroup;
			children = (
				00041E451EF4785000ED6D89 /* FlyOnTime.app */,
				00041E591EF4785000ED6D89 /* FlyOnTimeUITests.xctest */,
			);
			name = Products;
			sourceTree = "<group>";
		};
		00041E471EF4785000ED6D89 /* FlyOnTime */ = {
			isa = PBXGroup;
			children = (
				0050CEF61EF48EB20064C5B7 /* DashboardCell.swift */,
				0050CEF41EF47A100064C5B7 /* DashboardViewController.swift */,
				00041E481EF4785000ED6D89 /* AppDelegate.swift */,
				00041E4C1EF4785000ED6D89 /* Main.storyboard */,
				00041E4F1EF4785000ED6D89 /* Assets.xcassets */,
				00041E511EF4785000ED6D89 /* LaunchScreen.storyboard */,
				00041E541EF4785000ED6D89 /* Info.plist */,
			);
			path = FlyOnTime;
			sourceTree = "<group>";
		};
		00041E5C1EF4785000ED6D89 /* FlyOnTimeUITests */ = {
			isa = PBXGroup;
			children = (
				00041E5D1EF4785000ED6D89 /* FlyOnTimeUITests.swift */,
				00041E5F1EF4785000ED6D89 /* Info.plist */,
			);
			path = FlyOnTimeUITests;
			sourceTree = "<group>";
		};
		4FFCF474DEB50261B1F51750 /* Pods */ = {
			isa = PBXGroup;
			children = (
				E16C7F2ED99029904744D039 /* Pods-FlyOnTime.debug.xcconfig */,
				A05531FDAB515B3D4DD8A586 /* Pods-FlyOnTime.release.xcconfig */,
			);
			name = Pods;
			sourceTree = "<group>";
		};
		679F44F97434D5F69C0B516A /* Frameworks */ = {
			isa = PBXGroup;
			children = (
				5806AD12351DC9364F1E933A /* Pods_FlyOnTime.framework */,
			);
			name = Frameworks;
			sourceTree = "<group>";
		};
/* End PBXGroup section */

/* Begin PBXNativeTarget section */
		00041E441EF4785000ED6D89 /* FlyOnTime */ = {
			isa = PBXNativeTarget;
			buildConfigurationList = 00041E621EF4785000ED6D89 /* Build configuration list for PBXNativeTarget "FlyOnTime" */;
			buildPhases = (
				A47085D18576324B4448B404 /* [CP] Check Pods Manifest.lock */,
				00041E411EF4785000ED6D89 /* Sources */,
				00041E421EF4785000ED6D89 /* Frameworks */,
				00041E431EF4785000ED6D89 /* Resources */,
				FFA8ED9DE69BEDBB31D5E658 /* [CP] Embed Pods Frameworks */,
				27A3FCB312695C6D94CC5298 /* [CP] Copy Pods Resources */,
			);
			buildRules = (
			);
			dependencies = (
			);
			name = FlyOnTime;
			productName = FlyOnTime;
			productReference = 00041E451EF4785000ED6D89 /* FlyOnTime.app */;
			productType = "com.apple.product-type.application";
		};
		00041E581EF4785000ED6D89 /* FlyOnTimeUITests */ = {
			isa = PBXNativeTarget;
			buildConfigurationList = 00041E651EF4785000ED6D89 /* Build configuration list for PBXNativeTarget "FlyOnTimeUITests" */;
			buildPhases = (
				00041E551EF4785000ED6D89 /* Sources */,
				00041E561EF4785000ED6D89 /* Frameworks */,
				00041E571EF4785000ED6D89 /* Resources */,
			);
			buildRules = (
			);
			dependencies = (
				00041E5B1EF4785000ED6D89 /* PBXTargetDependency */,
			);
			name = FlyOnTimeUITests;
			productName = FlyOnTimeUITests;
			productReference = 00041E591EF4785000ED6D89 /* FlyOnTimeUITests.xctest */;
			productType = "com.apple.product-type.bundle.ui-testing";
		};
/* End PBXNativeTarget section */

/* Begin PBXProject section */
		00041E3D1EF4785000ED6D89 /* Project object */ = {
			isa = PBXProject;
			attributes = {
				LastSwiftUpdateCheck = 0830;
				LastUpgradeCheck = 0830;
				ORGANIZATIONNAME = flyontime;
				TargetAttributes = {
					00041E441EF4785000ED6D89 = {
						CreatedOnToolsVersion = 8.3.3;
						DevelopmentTeam = P6JXXWWH54;
						ProvisioningStyle = Automatic;
					};
					00041E581EF4785000ED6D89 = {
						CreatedOnToolsVersion = 8.3.3;
						DevelopmentTeam = P6JXXWWH54;
						ProvisioningStyle = Automatic;
						TestTargetID = 00041E441EF4785000ED6D89;
					};
				};
			};
			buildConfigurationList = 00041E401EF4785000ED6D89 /* Build configuration list for PBXProject "FlyOnTime" */;
			compatibilityVersion = "Xcode 3.2";
			developmentRegion = English;
			hasScannedForEncodings = 0;
			knownRegions = (
				en,
				Base,
			);
			mainGroup = 00041E3C1EF4785000ED6D89;
			productRefGroup = 00041E461EF4785000ED6D89 /* Products */;
			projectDirPath = "";
			projectRoot = "";
			targets = (
				00041E441EF4785000ED6D89 /* FlyOnTime */,
				00041E581EF4785000ED6D89 /* FlyOnTimeUITests */,
			);
		};
/* End PBXProject section */

/* Begin PBXResourcesBuildPhase section */
		00041E431EF4785000ED6D89 /* Resources */ = {
			isa = PBXResourcesBuildPhase;
			buildActionMask = 2147483647;
			files = (
				00041E531EF4785000ED6D89 /* LaunchScreen.storyboard in Resources */,
				00041E501EF4785000ED6D89 /* Assets.xcassets in Resources */,
				00041E4E1EF4785000ED6D89 /* Main.storyboard in Resources */,
			);
			runOnlyForDeploymentPostprocessing = 0;
		};
		00041E571EF4785000ED6D89 /* Resources */ = {
			isa = PBXResourcesBuildPhase;
			buildActionMask = 2147483647;
			files = (
			);
			runOnlyForDeploymentPostprocessing = 0;
		};
/* End PBXResourcesBuildPhase section */

/* Begin PBXShellScriptBuildPhase section */
		27A3FCB312695C6D94CC5298 /* [CP] Copy Pods Resources */ = {
			isa = PBXShellScriptBuildPhase;
			buildActionMask = 2147483647;
			files = (
			);
			inputPaths = (
			);
			name = "[CP] Copy Pods Resources";
			outputPaths = (
			);
			runOnlyForDeploymentPostprocessing = 0;
			shellPath = /bin/sh;
			shellScript = "\"${SRCROOT}/Pods/Target Support Files/Pods-FlyOnTime/Pods-FlyOnTime-resources.sh\"\n";
			showEnvVarsInLog = 0;
		};
		A47085D18576324B4448B404 /* [CP] Check Pods Manifest.lock */ = {
			isa = PBXShellScriptBuildPhase;
			buildActionMask = 2147483647;
			files = (
			);
			inputPaths = (
			);
			name = "[CP] Check Pods Manifest.lock";
			outputPaths = (
			);
			runOnlyForDeploymentPostprocessing = 0;
			shellPath = /bin/sh;
			shellScript = "diff \"${PODS_ROOT}/../Podfile.lock\" \"${PODS_ROOT}/Manifest.lock\" > /dev/null\nif [ $? != 0 ] ; then\n    # print error to STDERR\n    echo \"error: The sandbox is not in sync with the Podfile.lock. Run 'pod install' or update your CocoaPods installation.\" >&2\n    exit 1\nfi\n";
			showEnvVarsInLog = 0;
		};
		FFA8ED9DE69BEDBB31D5E658 /* [CP] Embed Pods Frameworks */ = {
			isa = PBXShellScriptBuildPhase;
			buildActionMask = 2147483647;
			files = (
			);
			inputPaths = (
			);
			name = "[CP] Embed Pods Frameworks";
			outputPaths = (
			);
			runOnlyForDeploymentPostprocessing = 0;
			shellPath = /bin/sh;
			shellScript = "\"${SRCROOT}/Pods/Target Support Files/Pods-FlyOnTime/Pods-FlyOnTime-frameworks.sh\"\n";
			showEnvVarsInLog = 0;
		};
/* End PBXShellScriptBuildPhase section */

/* Begin PBXSourcesBuildPhase section */
		00041E411EF4785000ED6D89 /* Sources */ = {
			isa = PBXSourcesBuildPhase;
			buildActionMask = 2147483647;
			files = (
				00041E491EF4785000ED6D89 /* AppDelegate.swift in Sources */,
				0050CEF71EF48EB20064C5B7 /* DashboardCell.swift in Sources */,
				0050CEF51EF47A100064C5B7 /* DashboardViewController.swift in Sources */,
			);
			runOnlyForDeploymentPostprocessing = 0;
		};
		00041E551EF4785000ED6D89 /* Sources */ = {
			isa = PBXSourcesBuildPhase;
			buildActionMask = 2147483647;
			files = (
				00041E5E1EF4785000ED6D89 /* FlyOnTimeUITests.swift in Sources */,
			);
			runOnlyForDeploymentPostprocessing = 0;
		};
/* End PBXSourcesBuildPhase section */

/* Begin PBXTargetDependency section */
		00041E5B1EF4785000ED6D89 /* PBXTargetDependency */ = {
			isa = PBXTargetDependency;
			target = 00041E441EF4785000ED6D89 /* FlyOnTime */;
			targetProxy = 00041E5A1EF4785000ED6D89 /* PBXContainerItemProxy */;
		};
/* End PBXTargetDependency section */

/* Begin PBXVariantGroup section */
		00041E4C1EF4785000ED6D89 /* Main.storyboard */ = {
			isa = PBXVariantGroup;
			children = (
				00041E4D1EF4785000ED6D89 /* Base */,
			);
			name = Main.storyboard;
			sourceTree = "<group>";
		};
		00041E511EF4785000ED6D89 /* LaunchScreen.storyboard */ = {
			isa = PBXVariantGroup;
			children = (
				00041E521EF4785000ED6D89 /* Base */,
			);
			name = LaunchScreen.storyboard;
			sourceTree = "<group>";
		};
/* End PBXVariantGroup section */

/* Begin XCBuildConfiguration section */
		00041E601EF4785000ED6D89 /* Debug */ = {
			isa = XCBuildConfiguration;
			buildSettings = {
				ALWAYS_SEARCH_USER_PATHS = NO;
				CLANG_ANALYZER_NONNULL = YES;
				CLANG_ANALYZER_NUMBER_OBJECT_CONVERSION = YES_AGGRESSIVE;
				CLANG_CXX_LANGUAGE_STANDARD = "gnu++0x";
				CLANG_CXX_LIBRARY = "libc++";
				CLANG_ENABLE_MODULES = YES;
				CLANG_ENABLE_OBJC_ARC = YES;
				CLANG_WARN_BOOL_CONVERSION = YES;
				CLANG_WARN_CONSTANT_CONVERSION = YES;
				CLANG_WARN_DIRECT_OBJC_ISA_USAGE = YES_ERROR;
				CLANG_WARN_DOCUMENTATION_COMMENTS = YES;
				CLANG_WARN_EMPTY_BODY = YES;
				CLANG_WARN_ENUM_CONVERSION = YES;
				CLANG_WARN_INFINITE_RECURSION = YES;
				CLANG_WARN_INT_CONVERSION = YES;
				CLANG_WARN_OBJC_ROOT_CLASS = YES_ERROR;
				CLANG_WARN_SUSPICIOUS_MOVE = YES;
				CLANG_WARN_UNREACHABLE_CODE = YES;
				CLANG_WARN__DUPLICATE_METHOD_MATCH = YES;
				"CODE_SIGN_IDENTITY[sdk=iphoneos*]" = "iPhone Developer";
				COPY_PHASE_STRIP = NO;
				DEBUG_INFORMATION_FORMAT = dwarf;
				ENABLE_STRICT_OBJC_MSGSEND = YES;
				ENABLE_TESTABILITY = YES;
				GCC_C_LANGUAGE_STANDARD = gnu99;
				GCC_DYNAMIC_NO_PIC = NO;
				GCC_NO_COMMON_BLOCKS = YES;
				GCC_OPTIMIZATION_LEVEL = 0;
				GCC_PREPROCESSOR_DEFINITIONS = (
					"DEBUG=1",
					"$(inherited)",
				);
				GCC_WARN_64_TO_32_BIT_CONVERSION = YES;
				GCC_WARN_ABOUT_RETURN_TYPE = YES_ERROR;
				GCC_WARN_UNDECLARED_SELECTOR = YES;
				GCC_WARN_UNINITIALIZED_AUTOS = YES_AGGRESSIVE;
				GCC_WARN_UNUSED_FUNCTION = YES;
				GCC_WARN_UNUSED_VARIABLE = YES;
				IPHONEOS_DEPLOYMENT_TARGET = 10.3;
				MTL_ENABLE_DEBUG_INFO = YES;
				ONLY_ACTIVE_ARCH = YES;
				SDKROOT = iphoneos;
				SWIFT_ACTIVE_COMPILATION_CONDITIONS = DEBUG;
				SWIFT_OPTIMIZATION_LEVEL = "-Onone";
			};
			name = Debug;
		};
		00041E611EF4785000ED6D89 /* Release */ = {
			isa = XCBuildConfiguration;
			buildSettings = {
				ALWAYS_SEARCH_USER_PATHS = NO;
				CLANG_ANALYZER_NONNULL = YES;
				CLANG_ANALYZER_NUMBER_OBJECT_CONVERSION = YES_AGGRESSIVE;
				CLANG_CXX_LANGUAGE_STANDARD = "gnu++0x";
				CLANG_CXX_LIBRARY = "libc++";
				CLANG_ENABLE_MODULES = YES;
				CLANG_ENABLE_OBJC_ARC = YES;
				CLANG_WARN_BOOL_CONVERSION = YES;
				CLANG_WARN_CONSTANT_CONVERSION = YES;
				CLANG_WARN_DIRECT_OBJC_ISA_USAGE = YES_ERROR;
				CLANG_WARN_DOCUMENTATION_COMMENTS = YES;
				CLANG_WARN_EMPTY_BODY = YES;
				CLANG_WARN_ENUM_CONVERSION = YES;
				CLANG_WARN_INFINITE_RECURSION = YES;
				CLANG_WARN_INT_CONVERSION = YES;
				CLANG_WARN_OBJC_ROOT_CLASS = YES_ERROR;
				CLANG_WARN_SUSPICIOUS_MOVE = YES;
				CLANG_WARN_UNREACHABLE_CODE = YES;
				CLANG_WARN__DUPLICATE_METHOD_MATCH = YES;
				"CODE_SIGN_IDENTITY[sdk=iphoneos*]" = "iPhone Developer";
				COPY_PHASE_STRIP = NO;
				DEBUG_INFORMATION_FORMAT = "dwarf-with-dsym";
				ENABLE_NS_ASSERTIONS = NO;
				ENABLE_STRICT_OBJC_MSGSEND = YES;
				GCC_C_LANGUAGE_STANDARD = gnu99;
				GCC_NO_COMMON_BLOCKS = YES;
				GCC_WARN_64_TO_32_BIT_CONVERSION = YES;
				GCC_WARN_ABOUT_RETURN_TYPE = YES_ERROR;
				GCC_WARN_UNDECLARED_SELECTOR = YES;
				GCC_WARN_UNINITIALIZED_AUTOS = YES_AGGRESSIVE;
				GCC_WARN_UNUSED_FUNCTION = YES;
				GCC_WARN_UNUSED_VARIABLE = YES;
				IPHONEOS_DEPLOYMENT_TARGET = 10.3;
				MTL_ENABLE_DEBUG_INFO = NO;
				SDKROOT = iphoneos;
				SWIFT_OPTIMIZATION_LEVEL = "-Owholemodule";
				VALIDATE_PRODUCT = YES;
			};
			name = Release;
		};
		00041E631EF4785000ED6D89 /* Debug */ = {
			isa = XCBuildConfiguration;
			baseConfigurationReference = E16C7F2ED99029904744D039 /* Pods-FlyOnTime.debug.xcconfig */;
			buildSettings = {
				ASSETCATALOG_COMPILER_APPICON_NAME = AppIcon;
				DEVELOPMENT_TEAM = P6JXXWWH54;
				INFOPLIST_FILE = FlyOnTime/Info.plist;
				LD_RUNPATH_SEARCH_PATHS = "$(inherited) @executable_path/Frameworks";
				PRODUCT_BUNDLE_IDENTIFIER = com.flyontime.FlyOnTime;
				PRODUCT_NAME = "$(TARGET_NAME)";
				SWIFT_VERSION = 3.0;
			};
			name = Debug;
		};
		00041E641EF4785000ED6D89 /* Release */ = {
			isa = XCBuildConfiguration;
			baseConfigurationReference = A05531FDAB515B3D4DD8A586 /* Pods-FlyOnTime.release.xcconfig */;
			buildSettings = {
				ASSETCATALOG_COMPILER_APPICON_NAME = AppIcon;
				DEVELOPMENT_TEAM = P6JXXWWH54;
				INFOPLIST_FILE = FlyOnTime/Info.plist;
				LD_RUNPATH_SEARCH_PATHS = "$(inherited) @executable_path/Frameworks";
				PRODUCT_BUNDLE_IDENTIFIER = com.flyontime.FlyOnTime;
				PRODUCT_NAME = "$(TARGET_NAME)";
				SWIFT_VERSION = 3.0;
			};
			name = Release;
		};
		00041E661EF4785000ED6D89 /* Debug */ = {
			isa = XCBuildConfiguration;
			buildSettings = {
				ALWAYS_EMBED_SWIFT_STANDARD_LIBRARIES = YES;
				DEVELOPMENT_TEAM = P6JXXWWH54;
				INFOPLIST_FILE = FlyOnTimeUITests/Info.plist;
				LD_RUNPATH_SEARCH_PATHS = "$(inherited) @executable_path/Frameworks @loader_path/Frameworks";
				PRODUCT_BUNDLE_IDENTIFIER = com.flyontime.FlyOnTimeUITests;
				PRODUCT_NAME = "$(TARGET_NAME)";
				SWIFT_VERSION = 3.0;
				TEST_TARGET_NAME = FlyOnTime;
			};
			name = Debug;
		};
		00041E671EF4785000ED6D89 /* Release */ = {
			isa = XCBuildConfiguration;
			buildSettings = {
				ALWAYS_EMBED_SWIFT_STANDARD_LIBRARIES = YES;
				DEVELOPMENT_TEAM = P6JXXWWH54;
				INFOPLIST_FILE = FlyOnTimeUITests/Info.plist;
				LD_RUNPATH_SEARCH_PATHS = "$(inherited) @executable_path/Frameworks @loader_path/Frameworks";
				PRODUCT_BUNDLE_IDENTIFIER = com.flyontime.FlyOnTimeUITests;
				PRODUCT_NAME = "$(TARGET_NAME)";
				SWIFT_VERSION = 3.0;
				TEST_TARGET_NAME = FlyOnTime;
			};
			name = Release;
		};
/* End XCBuildConfiguration section */

/* Begin XCConfigurationList section */
		00041E401EF4785000ED6D89 /* Build configuration list for PBXProject "FlyOnTime" */ = {
			isa = XCConfigurationList;
			buildConfigurations = (
				00041E601EF4785000ED6D89 /* Debug */,
				00041E611EF4785000ED6D89 /* Release */,
			);
			defaultConfigurationIsVisible = 0;
			defaultConfigurationName = Release;
		};
		00041E621EF4785000ED6D89 /* Build configuration list for PBXNativeTarget "FlyOnTime" */ = {
			isa = XCConfigurationList;
			buildConfigurations = (
				00041E631EF4785000ED6D89 /* Debug */,
				00041E641EF4785000ED6D89 /* Release */,
			);
			defaultConfigurationIsVisible = 0;
			defaultConfigurationName = Release;
		};
		00041E651EF4785000ED6D89 /* Build configuration list for PBXNativeTarget "FlyOnTimeUITests" */ = {
			isa = XCConfigurationList;
			buildConfigurations = (
				00041E661EF4785000ED6D89 /* Debug */,
				00041E671EF4785000ED6D89 /* Release */,
			);
			defaultConfigurationIsVisible = 0;
			defaultConfigurationName = Release;
		};
/* End XCConfigurationList section */
	};
	rootObject = 00041E3D1EF4785000ED6D89 /* Project object */;
}
